// !$*UTF8*$!
{
	archiveVersion = 1;
	classes = {
	};
	objectVersion = 56;
	objects = {

/* Begin PBXBuildFile section */
		3DC1A23F2C3F225400B733BD /* learnApp.swift in Sources */ = {isa = PBXBuildFile; fileRef = 3DC1A23E2C3F225400B733BD /* learnApp.swift */; };
		3DC1A2412C3F225400B733BD /* ContentView.swift in Sources */ = {isa = PBXBuildFile; fileRef = 3DC1A2402C3F225400B733BD /* ContentView.swift */; };
		3DC1A2432C3F225500B733BD /* Assets.xcassets in Resources */ = {isa = PBXBuildFile; fileRef = 3DC1A2422C3F225500B733BD /* Assets.xcassets */; };
		3DC1A2472C3F225500B733BD /* Preview Assets.xcassets in Resources */ = {isa = PBXBuildFile; fileRef = 3DC1A2462C3F225500B733BD /* Preview Assets.xcassets */; };
		3DC1A2512C3F225500B733BD /* learnTests.swift in Sources */ = {isa = PBXBuildFile; fileRef = 3DC1A2502C3F225500B733BD /* learnTests.swift */; };
		3DC1A25B2C3F225500B733BD /* learnUITests.swift in Sources */ = {isa = PBXBuildFile; fileRef = 3DC1A25A2C3F225500B733BD /* learnUITests.swift */; };
		3DC1A25D2C3F225500B733BD /* learnUITestsLaunchTests.swift in Sources */ = {isa = PBXBuildFile; fileRef = 3DC1A25C2C3F225500B733BD /* learnUITestsLaunchTests.swift */; };
/* End PBXBuildFile section */

/* Begin PBXContainerItemProxy section */
		3DC1A24D2C3F225500B733BD /* PBXContainerItemProxy */ = {
			isa = PBXContainerItemProxy;
			containerPortal = 3DC1A2332C3F225400B733BD /* Project object */;
			proxyType = 1;
			remoteGlobalIDString = 3DC1A23A2C3F225400B733BD;
			remoteInfo = learn;
		};
		3DC1A2572C3F225500B733BD /* PBXContainerItemProxy */ = {
			isa = PBXContainerItemProxy;
			containerPortal = 3DC1A2332C3F225400B733BD /* Project object */;
			proxyType = 1;
			remoteGlobalIDString = 3DC1A23A2C3F225400B733BD;
			remoteInfo = learn;
		};
/* End PBXContainerItemProxy section */

/* Begin PBXFileReference section */
		3DC1A23B2C3F225400B733BD /* learn.app */ = {isa = PBXFileReference; explicitFileType = wrapper.application; includeInIndex = 0; path = learn.app; sourceTree = BUILT_PRODUCTS_DIR; };
		3DC1A23E2C3F225400B733BD /* learnApp.swift */ = {isa = PBXFileReference; lastKnownFileType = sourcecode.swift; path = learnApp.swift; sourceTree = "<group>"; };
		3DC1A2402C3F225400B733BD /* ContentView.swift */ = {isa = PBXFileReference; lastKnownFileType = sourcecode.swift; path = ContentView.swift; sourceTree = "<group>"; };
		3DC1A2422C3F225500B733BD /* Assets.xcassets */ = {isa = PBXFileReference; lastKnownFileType = folder.assetcatalog; path = Assets.xcassets; sourceTree = "<group>"; };
		3DC1A2442C3F225500B733BD /* learn.entitlements */ = {isa = PBXFileReference; lastKnownFileType = text.plist.entitlements; path = learn.entitlements; sourceTree = "<group>"; };
		3DC1A2462C3F225500B733BD /* Preview Assets.xcassets */ = {isa = PBXFileReference; lastKnownFileType = folder.assetcatalog; path = "Preview Assets.xcassets"; sourceTree = "<group>"; };
		3DC1A24C2C3F225500B733BD /* learnTests.xctest */ = {isa = PBXFileReference; explicitFileType = wrapper.cfbundle; includeInIndex = 0; path = learnTests.xctest; sourceTree = BUILT_PRODUCTS_DIR; };
		3DC1A2502C3F225500B733BD /* learnTests.swift */ = {isa = PBXFileReference; lastKnownFileType = sourcecode.swift; path = learnTests.swift; sourceTree = "<group>"; };
		3DC1A2562C3F225500B733BD /* learnUITests.xctest */ = {isa = PBXFileReference; explicitFileType = wrapper.cfbundle; includeInIndex = 0; path = learnUITests.xctest; sourceTree = BUILT_PRODUCTS_DIR; };
		3DC1A25A2C3F225500B733BD /* learnUITests.swift */ = {isa = PBXFileReference; lastKnownFileType = sourcecode.swift; path = learnUITests.swift; sourceTree = "<group>"; };
		3DC1A25C2C3F225500B733BD /* learnUITestsLaunchTests.swift */ = {isa = PBXFileReference; lastKnownFileType = sourcecode.swift; path = learnUITestsLaunchTests.swift; sourceTree = "<group>"; };
/* End PBXFileReference section */

/* Begin PBXFrameworksBuildPhase section */
		3DC1A2382C3F225400B733BD /* Frameworks */ = {
			isa = PBXFrameworksBuildPhase;
			buildActionMask = 2147483647;
			files = (
			);
			runOnlyForDeploymentPostprocessing = 0;
		};
		3DC1A2492C3F225500B733BD /* Frameworks */ = {
			isa = PBXFrameworksBuildPhase;
			buildActionMask = 2147483647;
			files = (
			);
			runOnlyForDeploymentPostprocessing = 0;
		};
		3DC1A2532C3F225500B733BD /* Frameworks */ = {
			isa = PBXFrameworksBuildPhase;
			buildActionMask = 2147483647;
			files = (
			);
			runOnlyForDeploymentPostprocessing = 0;
		};
/* End PBXFrameworksBuildPhase section */

/* Begin PBXGroup section */
		3DC1A2322C3F225400B733BD = {
			isa = PBXGroup;
			children = (
				3DC1A23D2C3F225400B733BD /* learn */,
				3DC1A24F2C3F225500B733BD /* learnTests */,
				3DC1A2592C3F225500B733BD /* learnUITests */,
				3DC1A23C2C3F225400B733BD /* Products */,
			);
			sourceTree = "<group>";
		};
		3DC1A23C2C3F225400B733BD /* Products */ = {
			isa = PBXGroup;
			children = (
				3DC1A23B2C3F225400B733BD /* learn.app */,
				3DC1A24C2C3F225500B733BD /* learnTests.xctest */,
				3DC1A2562C3F225500B733BD /* learnUITests.xctest */,
			);
			name = Products;
			sourceTree = "<group>";
		};
		3DC1A23D2C3F225400B733BD /* learn */ = {
			isa = PBXGroup;
			children = (
				3DC1A23E2C3F225400B733BD /* learnApp.swift */,
				3DC1A2402C3F225400B733BD /* ContentView.swift */,
				3DC1A2422C3F225500B733BD /* Assets.xcassets */,
				3DC1A2442C3F225500B733BD /* learn.entitlements */,
				3DC1A2452C3F225500B733BD /* Preview Content */,
			);
			path = learn;
			sourceTree = "<group>";
		};
		3DC1A2452C3F225500B733BD /* Preview Content */ = {
			isa = PBXGroup;
			children = (
				3DC1A2462C3F225500B733BD /* Preview Assets.xcassets */,
			);
			path = "Preview Content";
			sourceTree = "<group>";
		};
		3DC1A24F2C3F225500B733BD /* learnTests */ = {
			isa = PBXGroup;
			children = (
				3DC1A2502C3F225500B733BD /* learnTests.swift */,
			);
			path = learnTests;
			sourceTree = "<group>";
		};
		3DC1A2592C3F225500B733BD /* learnUITests */ = {
			isa = PBXGroup;
			children = (
				3DC1A25A2C3F225500B733BD /* learnUITests.swift */,
				3DC1A25C2C3F225500B733BD /* learnUITestsLaunchTests.swift */,
			);
			path = learnUITests;
			sourceTree = "<group>";
		};
/* End PBXGroup section */

/* Begin PBXNativeTarget section */
		3DC1A23A2C3F225400B733BD /* learn */ = {
			isa = PBXNativeTarget;
			buildConfigurationList = 3DC1A2602C3F225500B733BD /* Build configuration list for PBXNativeTarget "learn" */;
			buildPhases = (
				3DC1A2372C3F225400B733BD /* Sources */,
				3DC1A2382C3F225400B733BD /* Frameworks */,
				3DC1A2392C3F225400B733BD /* Resources */,
			);
			buildRules = (
			);
			dependencies = (
			);
			name = learn;
			productName = learn;
			productReference = 3DC1A23B2C3F225400B733BD /* learn.app */;
			productType = "com.apple.product-type.application";
		};
		3DC1A24B2C3F225500B733BD /* learnTests */ = {
			isa = PBXNativeTarget;
			buildConfigurationList = 3DC1A2632C3F225500B733BD /* Build configuration list for PBXNativeTarget "learnTests" */;
			buildPhases = (
				3DC1A2482C3F225500B733BD /* Sources */,
				3DC1A2492C3F225500B733BD /* Frameworks */,
				3DC1A24A2C3F225500B733BD /* Resources */,
			);
			buildRules = (
			);
			dependencies = (
				3DC1A24E2C3F225500B733BD /* PBXTargetDependency */,
			);
			name = learnTests;
			productName = learnTests;
			productReference = 3DC1A24C2C3F225500B733BD /* learnTests.xctest */;
			productType = "com.apple.product-type.bundle.unit-test";
		};
		3DC1A2552C3F225500B733BD /* learnUITests */ = {
			isa = PBXNativeTarget;
			buildConfigurationList = 3DC1A2662C3F225500B733BD /* Build configuration list for PBXNativeTarget "learnUITests" */;
			buildPhases = (
				3DC1A2522C3F225500B733BD /* Sources */,
				3DC1A2532C3F225500B733BD /* Frameworks */,
				3DC1A2542C3F225500B733BD /* Resources */,
			);
			buildRules = (
			);
			dependencies = (
				3DC1A2582C3F225500B733BD /* PBXTargetDependency */,
			);
			name = learnUITests;
			productName = learnUITests;
			productReference = 3DC1A2562C3F225500B733BD /* learnUITests.xctest */;
			productType = "com.apple.product-type.bundle.ui-testing";
		};
/* End PBXNativeTarget section */

/* Begin PBXProject section */
		3DC1A2332C3F225400B733BD /* Project object */ = {
			isa = PBXProject;
			attributes = {
				BuildIndependentTargetsInParallel = 1;
				LastSwiftUpdateCheck = 1540;
				LastUpgradeCheck = 1540;
				TargetAttributes = {
					3DC1A23A2C3F225400B733BD = {
						CreatedOnToolsVersion = 15.4;
					};
					3DC1A24B2C3F225500B733BD = {
						CreatedOnToolsVersion = 15.4;
						TestTargetID = 3DC1A23A2C3F225400B733BD;
					};
					3DC1A2552C3F225500B733BD = {
						CreatedOnToolsVersion = 15.4;
						TestTargetID = 3DC1A23A2C3F225400B733BD;
					};
				};
			};
			buildConfigurationList = 3DC1A2362C3F225400B733BD /* Build configuration list for PBXProject "learn" */;
			compatibilityVersion = "Xcode 14.0";
			developmentRegion = en;
			hasScannedForEncodings = 0;
			knownRegions = (
				en,
				Base,
			);
			mainGroup = 3DC1A2322C3F225400B733BD;
			productRefGroup = 3DC1A23C2C3F225400B733BD /* Products */;
			projectDirPath = "";
			projectRoot = "";
			targets = (
				3DC1A23A2C3F225400B733BD /* learn */,
				3DC1A24B2C3F225500B733BD /* learnTests */,
				3DC1A2552C3F225500B733BD /* learnUITests */,
			);
		};
/* End PBXProject section */

/* Begin PBXResourcesBuildPhase section */
		3DC1A2392C3F225400B733BD /* Resources */ = {
			isa = PBXResourcesBuildPhase;
			buildActionMask = 2147483647;
			files = (
				3DC1A2472C3F225500B733BD /* Preview Assets.xcassets in Resources */,
				3DC1A2432C3F225500B733BD /* Assets.xcassets in Resources */,
			);
			runOnlyForDeploymentPostprocessing = 0;
		};
		3DC1A24A2C3F225500B733BD /* Resources */ = {
			isa = PBXResourcesBuildPhase;
			buildActionMask = 2147483647;
			files = (
			);
			runOnlyForDeploymentPostprocessing = 0;
		};
		3DC1A2542C3F225500B733BD /* Resources */ = {
			isa = PBXResourcesBuildPhase;
			buildActionMask = 2147483647;
			files = (
			);
			runOnlyForDeploymentPostprocessing = 0;
		};
/* End PBXResourcesBuildPhase section */

/* Begin PBXSourcesBuildPhase section */
		3DC1A2372C3F225400B733BD /* Sources */ = {
			isa = PBXSourcesBuildPhase;
			buildActionMask = 2147483647;
			files = (
				3DC1A2412C3F225400B733BD /* ContentView.swift in Sources */,
				3DC1A23F2C3F225400B733BD /* learnApp.swift in Sources */,
			);
			runOnlyForDeploymentPostprocessing = 0;
		};
		3DC1A2482C3F225500B733BD /* Sources */ = {
			isa = PBXSourcesBuildPhase;
			buildActionMask = 2147483647;
			files = (
				3DC1A2512C3F225500B733BD /* learnTests.swift in Sources */,
			);
			runOnlyForDeploymentPostprocessing = 0;
		};
		3DC1A2522C3F225500B733BD /* Sources */ = {
			isa = PBXSourcesBuildPhase;
			buildActionMask = 2147483647;
			files = (
				3DC1A25B2C3F225500B733BD /* learnUITests.swift in Sources */,
				3DC1A25D2C3F225500B733BD /* learnUITestsLaunchTests.swift in Sources */,
			);
			runOnlyForDeploymentPostprocessing = 0;
		};
/* End PBXSourcesBuildPhase section */

/* Begin PBXTargetDependency section */
		3DC1A24E2C3F225500B733BD /* PBXTargetDependency */ = {
			isa = PBXTargetDependency;
			target = 3DC1A23A2C3F225400B733BD /* learn */;
			targetProxy = 3DC1A24D2C3F225500B733BD /* PBXContainerItemProxy */;
		};
		3DC1A2582C3F225500B733BD /* PBXTargetDependency */ = {
			isa = PBXTargetDependency;
			target = 3DC1A23A2C3F225400B733BD /* learn */;
			targetProxy = 3DC1A2572C3F225500B733BD /* PBXContainerItemProxy */;
		};
/* End PBXTargetDependency section */

/* Begin XCBuildConfiguration section */
		3DC1A25E2C3F225500B733BD /* Debug */ = {
			isa = XCBuildConfiguration;
			buildSettings = {
				ALWAYS_SEARCH_USER_PATHS = NO;
				ASSETCATALOG_COMPILER_GENERATE_SWIFT_ASSET_SYMBOL_EXTENSIONS = YES;
				CLANG_ANALYZER_NONNULL = YES;
				CLANG_ANALYZER_NUMBER_OBJECT_CONVERSION = YES_AGGRESSIVE;
				CLANG_CXX_LANGUAGE_STANDARD = "gnu++20";
				CLANG_ENABLE_MODULES = YES;
				CLANG_ENABLE_OBJC_ARC = YES;
				CLANG_ENABLE_OBJC_WEAK = YES;
				CLANG_WARN_BLOCK_CAPTURE_AUTORELEASING = YES;
				CLANG_WARN_BOOL_CONVERSION = YES;
				CLANG_WARN_COMMA = YES;
				CLANG_WARN_CONSTANT_CONVERSION = YES;
				CLANG_WARN_DEPRECATED_OBJC_IMPLEMENTATIONS = YES;
				CLANG_WARN_DIRECT_OBJC_ISA_USAGE = YES_ERROR;
				CLANG_WARN_DOCUMENTATION_COMMENTS = YES;
				CLANG_WARN_EMPTY_BODY = YES;
				CLANG_WARN_ENUM_CONVERSION = YES;
				CLANG_WARN_INFINITE_RECURSION = YES;
				CLANG_WARN_INT_CONVERSION = YES;
				CLANG_WARN_NON_LITERAL_NULL_CONVERSION = YES;
				CLANG_WARN_OBJC_IMPLICIT_RETAIN_SELF = YES;
				CLANG_WARN_OBJC_LITERAL_CONVERSION = YES;
				CLANG_WARN_OBJC_ROOT_CLASS = YES_ERROR;
				CLANG_WARN_QUOTED_INCLUDE_IN_FRAMEWORK_HEADER = YES;
				CLANG_WARN_RANGE_LOOP_ANALYSIS = YES;
				CLANG_WARN_STRICT_PROTOTYPES = YES;
				CLANG_WARN_SUSPICIOUS_MOVE = YES;
				CLANG_WARN_UNGUARDED_AVAILABILITY = YES_AGGRESSIVE;
				CLANG_WARN_UNREACHABLE_CODE = YES;
				CLANG_WARN__DUPLICATE_METHOD_MATCH = YES;
				COPY_PHASE_STRIP = NO;
				DEBUG_INFORMATION_FORMAT = dwarf;
				ENABLE_STRICT_OBJC_MSGSEND = YES;
				ENABLE_TESTABILITY = YES;
				ENABLE_USER_SCRIPT_SANDBOXING = YES;
				GCC_C_LANGUAGE_STANDARD = gnu17;
				GCC_DYNAMIC_NO_PIC = NO;
				GCC_NO_COMMON_BLOCKS = YES;
				GCC_OPTIMIZATION_LEVEL = 0;
				GCC_PREPROCESSOR_DEFINITIONS = (
					"DEBUG=1",
					"$(inherited)",
				);
				GCC_WARN_64_TO_32_BIT_CONVERSION = YES;
				GCC_WARN_ABOUT_RETURN_TYPE = YES_ERROR;
				GCC_WARN_UNDECLARED_SELECTOR = YES;
				GCC_WARN_UNINITIALIZED_AUTOS = YES_AGGRESSIVE;
				GCC_WARN_UNUSED_FUNCTION = YES;
				GCC_WARN_UNUSED_VARIABLE = YES;
				LOCALIZATION_PREFERS_STRING_CATALOGS = YES;
				MTL_ENABLE_DEBUG_INFO = INCLUDE_SOURCE;
				MTL_FAST_MATH = YES;
				ONLY_ACTIVE_ARCH = YES;
				SWIFT_ACTIVE_COMPILATION_CONDITIONS = "DEBUG $(inherited)";
				SWIFT_OPTIMIZATION_LEVEL = "-Onone";
			};
			name = Debug;
		};
		3DC1A25F2C3F225500B733BD /* Release */ = {
			isa = XCBuildConfiguration;
			buildSettings = {
				ALWAYS_SEARCH_USER_PATHS = NO;
				ASSETCATALOG_COMPILER_GENERATE_SWIFT_ASSET_SYMBOL_EXTENSIONS = YES;
				CLANG_ANALYZER_NONNULL = YES;
				CLANG_ANALYZER_NUMBER_OBJECT_CONVERSION = YES_AGGRESSIVE;
				CLANG_CXX_LANGUAGE_STANDARD = "gnu++20";
				CLANG_ENABLE_MODULES = YES;
				CLANG_ENABLE_OBJC_ARC = YES;
				CLANG_ENABLE_OBJC_WEAK = YES;
				CLANG_WARN_BLOCK_CAPTURE_AUTORELEASING = YES;
				CLANG_WARN_BOOL_CONVERSION = YES;
				CLANG_WARN_COMMA = YES;
				CLANG_WARN_CONSTANT_CONVERSION = YES;
				CLANG_WARN_DEPRECATED_OBJC_IMPLEMENTATIONS = YES;
				CLANG_WARN_DIRECT_OBJC_ISA_USAGE = YES_ERROR;
				CLANG_WARN_DOCUMENTATION_COMMENTS = YES;
				CLANG_WARN_EMPTY_BODY = YES;
				CLANG_WARN_ENUM_CONVERSION = YES;
				CLANG_WARN_INFINITE_RECURSION = YES;
				CLANG_WARN_INT_CONVERSION = YES;
				CLANG_WARN_NON_LITERAL_NULL_CONVERSION = YES;
				CLANG_WARN_OBJC_IMPLICIT_RETAIN_SELF = YES;
				CLANG_WARN_OBJC_LITERAL_CONVERSION = YES;
				CLANG_WARN_OBJC_ROOT_CLASS = YES_ERROR;
				CLANG_WARN_QUOTED_INCLUDE_IN_FRAMEWORK_HEADER = YES;
				CLANG_WARN_RANGE_LOOP_ANALYSIS = YES;
				CLANG_WARN_STRICT_PROTOTYPES = YES;
				CLANG_WARN_SUSPICIOUS_MOVE = YES;
				CLANG_WARN_UNGUARDED_AVAILABILITY = YES_AGGRESSIVE;
				CLANG_WARN_UNREACHABLE_CODE = YES;
				CLANG_WARN__DUPLICATE_METHOD_MATCH = YES;
				COPY_PHASE_STRIP = NO;
				DEBUG_INFORMATION_FORMAT = "dwarf-with-dsym";
				ENABLE_NS_ASSERTIONS = NO;
				ENABLE_STRICT_OBJC_MSGSEND = YES;
				ENABLE_USER_SCRIPT_SANDBOXING = YES;
				GCC_C_LANGUAGE_STANDARD = gnu17;
				GCC_NO_COMMON_BLOCKS = YES;
				GCC_WARN_64_TO_32_BIT_CONVERSION = YES;
				GCC_WARN_ABOUT_RETURN_TYPE = YES_ERROR;
				GCC_WARN_UNDECLARED_SELECTOR = YES;
				GCC_WARN_UNINITIALIZED_AUTOS = YES_AGGRESSIVE;
				GCC_WARN_UNUSED_FUNCTION = YES;
				GCC_WARN_UNUSED_VARIABLE = YES;
				LOCALIZATION_PREFERS_STRING_CATALOGS = YES;
				MTL_ENABLE_DEBUG_INFO = NO;
				MTL_FAST_MATH = YES;
				SWIFT_COMPILATION_MODE = wholemodule;
			};
			name = Release;
		};
		3DC1A2612C3F225500B733BD /* Debug */ = {
			isa = XCBuildConfiguration;
			buildSettings = {
				ASSETCATALOG_COMPILER_APPICON_NAME = AppIcon;
				ASSETCATALOG_COMPILER_GLOBAL_ACCENT_COLOR_NAME = AccentColor;
				CODE_SIGN_ENTITLEMENTS = learn/learn.entitlements;
				CODE_SIGN_STYLE = Automatic;
				CURRENT_PROJECT_VERSION = 1;
				DEVELOPMENT_ASSET_PATHS = "\"learn/Preview Content\"";
				DEVELOPMENT_TEAM = 8U779Q6DTC;
				ENABLE_HARDENED_RUNTIME = YES;
				ENABLE_PREVIEWS = YES;
				GENERATE_INFOPLIST_FILE = YES;
				"INFOPLIST_KEY_UIApplicationSceneManifest_Generation[sdk=iphoneos*]" = YES;
				"INFOPLIST_KEY_UIApplicationSceneManifest_Generation[sdk=iphonesimulator*]" = YES;
				"INFOPLIST_KEY_UIApplicationSupportsIndirectInputEvents[sdk=iphoneos*]" = YES;
				"INFOPLIST_KEY_UIApplicationSupportsIndirectInputEvents[sdk=iphonesimulator*]" = YES;
				"INFOPLIST_KEY_UILaunchScreen_Generation[sdk=iphoneos*]" = YES;
				"INFOPLIST_KEY_UILaunchScreen_Generation[sdk=iphonesimulator*]" = YES;
				"INFOPLIST_KEY_UIStatusBarStyle[sdk=iphoneos*]" = UIStatusBarStyleDefault;
				"INFOPLIST_KEY_UIStatusBarStyle[sdk=iphonesimulator*]" = UIStatusBarStyleDefault;
				INFOPLIST_KEY_UISupportedInterfaceOrientations_iPad = "UIInterfaceOrientationPortrait UIInterfaceOrientationPortraitUpsideDown UIInterfaceOrientationLandscapeLeft UIInterfaceOrientationLandscapeRight";
				INFOPLIST_KEY_UISupportedInterfaceOrientations_iPhone = "UIInterfaceOrientationPortrait UIInterfaceOrientationLandscapeLeft UIInterfaceOrientationLandscapeRight";
				IPHONEOS_DEPLOYMENT_TARGET = 17.5;
				LD_RUNPATH_SEARCH_PATHS = "@executable_path/Frameworks";
				"LD_RUNPATH_SEARCH_PATHS[sdk=macosx*]" = "@executable_path/../Frameworks";
				MACOSX_DEPLOYMENT_TARGET = 14.5;
				MARKETING_VERSION = 1.0;
				PRODUCT_BUNDLE_IDENTIFIER = tenbytes.learn;
				PRODUCT_NAME = "$(TARGET_NAME)";
				SDKROOT = auto;
				SUPPORTED_PLATFORMS = "iphoneos iphonesimulator macosx";
				SWIFT_EMIT_LOC_STRINGS = YES;
				SWIFT_VERSION = 5.0;
				TARGETED_DEVICE_FAMILY = "1,2";
			};
			name = Debug;
		};
		3DC1A2622C3F225500B733BD /* Release */ = {
			isa = XCBuildConfiguration;
			buildSettings = {
				ASSETCATALOG_COMPILER_APPICON_NAME = AppIcon;
				ASSETCATALOG_COMPILER_GLOBAL_ACCENT_COLOR_NAME = AccentColor;
				CODE_SIGN_ENTITLEMENTS = learn/learn.entitlements;
				CODE_SIGN_STYLE = Automatic;
				CURRENT_PROJECT_VERSION = 1;
				DEVELOPMENT_ASSET_PATHS = "\"learn/Preview Content\"";
				DEVELOPMENT_TEAM = 8U779Q6DTC;
				ENABLE_HARDENED_RUNTIME = YES;
				ENABLE_PREVIEWS = YES;
				GENERATE_INFOPLIST_FILE = YES;
				"INFOPLIST_KEY_UIApplicationSceneManifest_Generation[sdk=iphoneos*]" = YES;
				"INFOPLIST_KEY_UIApplicationSceneManifest_Generation[sdk=iphonesimulator*]" = YES;
				"INFOPLIST_KEY_UIApplicationSupportsIndirectInputEvents[sdk=iphoneos*]" = YES;
				"INFOPLIST_KEY_UIApplicationSupportsIndirectInputEvents[sdk=iphonesimulator*]" = YES;
				"INFOPLIST_KEY_UILaunchScreen_Generation[sdk=iphoneos*]" = YES;
				"INFOPLIST_KEY_UILaunchScreen_Generation[sdk=iphonesimulator*]" = YES;
				"INFOPLIST_KEY_UIStatusBarStyle[sdk=iphoneos*]" = UIStatusBarStyleDefault;
				"INFOPLIST_KEY_UIStatusBarStyle[sdk=iphonesimulator*]" = UIStatusBarStyleDefault;
				INFOPLIST_KEY_UISupportedInterfaceOrientations_iPad = "UIInterfaceOrientationPortrait UIInterfaceOrientationPortraitUpsideDown UIInterfaceOrientationLandscapeLeft UIInterfaceOrientationLandscapeRight";
				INFOPLIST_KEY_UISupportedInterfaceOrientations_iPhone = "UIInterfaceOrientationPortrait UIInterfaceOrientationLandscapeLeft UIInterfaceOrientationLandscapeRight";
				IPHONEOS_DEPLOYMENT_TARGET = 17.5;
				LD_RUNPATH_SEARCH_PATHS = "@executable_path/Frameworks";
				"LD_RUNPATH_SEARCH_PATHS[sdk=macosx*]" = "@executable_path/../Frameworks";
				MACOSX_DEPLOYMENT_TARGET = 14.5;
				MARKETING_VERSION = 1.0;
				PRODUCT_BUNDLE_IDENTIFIER = tenbytes.learn;
				PRODUCT_NAME = "$(TARGET_NAME)";
				SDKROOT = auto;
				SUPPORTED_PLATFORMS = "iphoneos iphonesimulator macosx";
				SWIFT_EMIT_LOC_STRINGS = YES;
				SWIFT_VERSION = 5.0;
				TARGETED_DEVICE_FAMILY = "1,2";
			};
			name = Release;
		};
		3DC1A2642C3F225500B733BD /* Debug */ = {
			isa = XCBuildConfiguration;
			buildSettings = {
				ALWAYS_EMBED_SWIFT_STANDARD_LIBRARIES = YES;
				BUNDLE_LOADER = "$(TEST_HOST)";
				CODE_SIGN_STYLE = Automatic;
				CURRENT_PROJECT_VERSION = 1;
				DEVELOPMENT_TEAM = 8U779Q6DTC;
				GENERATE_INFOPLIST_FILE = YES;
				IPHONEOS_DEPLOYMENT_TARGET = 17.5;
				MACOSX_DEPLOYMENT_TARGET = 14.5;
				MARKETING_VERSION = 1.0;
				PRODUCT_BUNDLE_IDENTIFIER = tenbytes.learnTests;
				PRODUCT_NAME = "$(TARGET_NAME)";
				SDKROOT = auto;
				SUPPORTED_PLATFORMS = "iphoneos iphonesimulator macosx";
				SWIFT_EMIT_LOC_STRINGS = NO;
				SWIFT_VERSION = 5.0;
				TARGETED_DEVICE_FAMILY = "1,2";
				TEST_HOST = "$(BUILT_PRODUCTS_DIR)/learn.app/$(BUNDLE_EXECUTABLE_FOLDER_PATH)/learn";
			};
			name = Debug;
		};
		3DC1A2652C3F225500B733BD /* Release */ = {
			isa = XCBuildConfiguration;
			buildSettings = {
				ALWAYS_EMBED_SWIFT_STANDARD_LIBRARIES = YES;
				BUNDLE_LOADER = "$(TEST_HOST)";
				CODE_SIGN_STYLE = Automatic;
				CURRENT_PROJECT_VERSION = 1;
				DEVELOPMENT_TEAM = 8U779Q6DTC;
				GENERATE_INFOPLIST_FILE = YES;
				IPHONEOS_DEPLOYMENT_TARGET = 17.5;
				MACOSX_DEPLOYMENT_TARGET = 14.5;
				MARKETING_VERSION = 1.0;
				PRODUCT_BUNDLE_IDENTIFIER = tenbytes.learnTests;
				PRODUCT_NAME = "$(TARGET_NAME)";
				SDKROOT = auto;
				SUPPORTED_PLATFORMS = "iphoneos iphonesimulator macosx";
				SWIFT_EMIT_LOC_STRINGS = NO;
				SWIFT_VERSION = 5.0;
				TARGETED_DEVICE_FAMILY = "1,2";
				TEST_HOST = "$(BUILT_PRODUCTS_DIR)/learn.app/$(BUNDLE_EXECUTABLE_FOLDER_PATH)/learn";
			};
			name = Release;
		};
		3DC1A2672C3F225500B733BD /* Debug */ = {
			isa = XCBuildConfiguration;
			buildSettings = {
				ALWAYS_EMBED_SWIFT_STANDARD_LIBRARIES = YES;
				CODE_SIGN_STYLE = Automatic;
				CURRENT_PROJECT_VERSION = 1;
				DEVELOPMENT_TEAM = 8U779Q6DTC;
				GENERATE_INFOPLIST_FILE = YES;
				IPHONEOS_DEPLOYMENT_TARGET = 17.5;
				MACOSX_DEPLOYMENT_TARGET = 14.5;
				MARKETING_VERSION = 1.0;
				PRODUCT_BUNDLE_IDENTIFIER = tenbytes.learnUITests;
				PRODUCT_NAME = "$(TARGET_NAME)";
				SDKROOT = auto;
				SUPPORTED_PLATFORMS = "iphoneos iphonesimulator macosx";
				SWIFT_EMIT_LOC_STRINGS = NO;
				SWIFT_VERSION = 5.0;
				TARGETED_DEVICE_FAMILY = "1,2";
				TEST_TARGET_NAME = learn;
			};
			name = Debug;
		};
		3DC1A2682C3F225500B733BD /* Release */ = {
			isa = XCBuildConfiguration;
			buildSettings = {
				ALWAYS_EMBED_SWIFT_STANDARD_LIBRARIES = YES;
				CODE_SIGN_STYLE = Automatic;
				CURRENT_PROJECT_VERSION = 1;
				DEVELOPMENT_TEAM = 8U779Q6DTC;
				GENERATE_INFOPLIST_FILE = YES;
				IPHONEOS_DEPLOYMENT_TARGET = 17.5;
				MACOSX_DEPLOYMENT_TARGET = 14.5;
				MARKETING_VERSION = 1.0;
				PRODUCT_BUNDLE_IDENTIFIER = tenbytes.learnUITests;
				PRODUCT_NAME = "$(TARGET_NAME)";
				SDKROOT = auto;
				SUPPORTED_PLATFORMS = "iphoneos iphonesimulator macosx";
				SWIFT_EMIT_LOC_STRINGS = NO;
				SWIFT_VERSION = 5.0;
				TARGETED_DEVICE_FAMILY = "1,2";
				TEST_TARGET_NAME = learn;
			};
			name = Release;
		};
/* End XCBuildConfiguration section */

/* Begin XCConfigurationList section */
		3DC1A2362C3F225400B733BD /* Build configuration list for PBXProject "learn" */ = {
			isa = XCConfigurationList;
			buildConfigurations = (
				3DC1A25E2C3F225500B733BD /* Debug */,
				3DC1A25F2C3F225500B733BD /* Release */,
			);
			defaultConfigurationIsVisible = 0;
			defaultConfigurationName = Release;
		};
		3DC1A2602C3F225500B733BD /* Build configuration list for PBXNativeTarget "learn" */ = {
			isa = XCConfigurationList;
			buildConfigurations = (
				3DC1A2612C3F225500B733BD /* Debug */,
				3DC1A2622C3F225500B733BD /* Release */,
			);
			defaultConfigurationIsVisible = 0;
			defaultConfigurationName = Release;
		};
		3DC1A2632C3F225500B733BD /* Build configuration list for PBXNativeTarget "learnTests" */ = {
			isa = XCConfigurationList;
			buildConfigurations = (
				3DC1A2642C3F225500B733BD /* Debug */,
				3DC1A2652C3F225500B733BD /* Release */,
			);
			defaultConfigurationIsVisible = 0;
			defaultConfigurationName = Release;
		};
		3DC1A2662C3F225500B733BD /* Build configuration list for PBXNativeTarget "learnUITests" */ = {
			isa = XCConfigurationList;
			buildConfigurations = (
				3DC1A2672C3F225500B733BD /* Debug */,
				3DC1A2682C3F225500B733BD /* Release */,
			);
			defaultConfigurationIsVisible = 0;
			defaultConfigurationName = Release;
		};
/* End XCConfigurationList section */
	};
	rootObject = 3DC1A2332C3F225400B733BD /* Project object */;
}
